{
  "nodes": {
    "home-manager": {
      "inputs": {
        "nixpkgs": [
          "nixpkgs"
        ]
      },
      "locked": {
        "lastModified": 1767391542,
        "narHash": "sha256-qHXxJuFkQhggyeao/kQb6KcOjgz0Ky+ArfowRX1MHaE=",
        "owner": "nix-community",
        "repo": "home-manager",
        "rev": "2f06b726061b7e1aa69f718e943da9ffcecd6397",
        "type": "github"
      },
      "original": {
        "owner": "nix-community",
        "repo": "home-manager",
        "type": "github"
      }
    },
    "nixpkgs": {
      "locked": {
        "lastModified": 1767116409,
        "narHash": "sha256-5vKw92l1GyTnjoLzEagJy5V5mDFck72LiQWZSOnSicw=",
        "owner": "nixos",
        "repo": "nixpkgs",
        "rev": "cad22e7d996aea55ecab064e84834289143e44a0",
        "type": "github"
      },
      "original": {
        "owner": "nixos",
        "ref": "nixos-unstable",
        "repo": "nixpkgs",
        "type": "github"
      }
    },
    "root": {
      "inputs": {
        "home-manager": "home-manager",
        "nixpkgs": "nixpkgs",
        "yazi-relative-motions": "yazi-relative-motions",
        "yazi-starship": "yazi-starship"
      }
    },
    "yazi-relative-motions": {
      "flake": false,
      "locked": {
        "lastModified": 1752096605,
        "narHash": "sha256-9i6x/VxGOA3bB3FPieB7mQ1zGaMK5wnMhYqsq4CvaM4=",
        "owner": "dedukun",
        "repo": "relative-motions.yazi",
        "rev": "a603d9ea924dfc0610bcf9d3129e7cba605d4501",
        "type": "github"
      },
      "original": {
        "owner": "dedukun",
        "repo": "relative-motions.yazi",
        "type": "github"
      }
    },
    "yazi-starship": {
      "flake": false,
      "locked": {
        "lastModified": 1764770713,
        "narHash": "sha256-xcz2+zepICZ3ji0Hm0SSUBSaEpabWUrIdG7JmxUl/ts=",
        "owner": "Rolv-Apneseth",
        "repo": "starship.yazi",
        "rev": "eca186171c5f2011ce62712f95f699308251c749",
        "type": "github"
      },
      "original": {
        "owner": "Rolv-Apneseth",
        "repo": "starship.yazi",
        "type": "github"
      }
    }
  },
  "root": "root",
  "version": 7
}
